// !$*UTF8*$!
{
	archiveVersion = 1;
	classes = {
	};
	objectVersion = 50;
	objects = {

/* Begin PBXBuildFile section */
		5C15ACF422EE3BC8006697DF /* GoalType.swift in Sources */ = {isa = PBXBuildFile; fileRef = 5C15ACF322EE3BC8006697DF /* GoalType.swift */; };
		5C692C3522ECC5C000E2AADC /* AppDelegate.swift in Sources */ = {isa = PBXBuildFile; fileRef = 5C692C3422ECC5C000E2AADC /* AppDelegate.swift */; };
		5C692C3722ECC5C000E2AADC /* GoalsVC.swift in Sources */ = {isa = PBXBuildFile; fileRef = 5C692C3622ECC5C000E2AADC /* GoalsVC.swift */; };
		5C692C3A22ECC5C000E2AADC /* Main.storyboard in Resources */ = {isa = PBXBuildFile; fileRef = 5C692C3822ECC5C000E2AADC /* Main.storyboard */; };
		5C692C3D22ECC5C000E2AADC /* goalpost_app.xcdatamodeld in Sources */ = {isa = PBXBuildFile; fileRef = 5C692C3B22ECC5C000E2AADC /* goalpost_app.xcdatamodeld */; };
		5C692C3F22ECC5C400E2AADC /* Assets.xcassets in Resources */ = {isa = PBXBuildFile; fileRef = 5C692C3E22ECC5C400E2AADC /* Assets.xcassets */; };
		5C692C4222ECC5C400E2AADC /* LaunchScreen.storyboard in Resources */ = {isa = PBXBuildFile; fileRef = 5C692C4022ECC5C400E2AADC /* LaunchScreen.storyboard */; };
		5C692C4E22ECD9D800E2AADC /* GoalCell.swift in Sources */ = {isa = PBXBuildFile; fileRef = 5C692C4D22ECD9D800E2AADC /* GoalCell.swift */; };
/* End PBXBuildFile section */

/* Begin PBXFileReference section */
		5C15ACF322EE3BC8006697DF /* GoalType.swift */ = {isa = PBXFileReference; lastKnownFileType = sourcecode.swift; path = GoalType.swift; sourceTree = "<group>"; };
		5C692C3122ECC5C000E2AADC /* goalpost-app.app */ = {isa = PBXFileReference; explicitFileType = wrapper.application; includeInIndex = 0; path = "goalpost-app.app"; sourceTree = BUILT_PRODUCTS_DIR; };
		5C692C3422ECC5C000E2AADC /* AppDelegate.swift */ = {isa = PBXFileReference; lastKnownFileType = sourcecode.swift; path = AppDelegate.swift; sourceTree = "<group>"; };
		5C692C3622ECC5C000E2AADC /* GoalsVC.swift */ = {isa = PBXFileReference; lastKnownFileType = sourcecode.swift; path = GoalsVC.swift; sourceTree = "<group>"; };
		5C692C3922ECC5C000E2AADC /* Base */ = {isa = PBXFileReference; lastKnownFileType = file.storyboard; name = Base; path = Base.lproj/Main.storyboard; sourceTree = "<group>"; };
		5C692C3C22ECC5C000E2AADC /* goalpost_app.xcdatamodel */ = {isa = PBXFileReference; lastKnownFileType = wrapper.xcdatamodel; path = goalpost_app.xcdatamodel; sourceTree = "<group>"; };
		5C692C3E22ECC5C400E2AADC /* Assets.xcassets */ = {isa = PBXFileReference; lastKnownFileType = folder.assetcatalog; path = Assets.xcassets; sourceTree = "<group>"; };
		5C692C4122ECC5C400E2AADC /* Base */ = {isa = PBXFileReference; lastKnownFileType = file.storyboard; name = Base; path = Base.lproj/LaunchScreen.storyboard; sourceTree = "<group>"; };
		5C692C4322ECC5C400E2AADC /* Info.plist */ = {isa = PBXFileReference; lastKnownFileType = text.plist.xml; path = Info.plist; sourceTree = "<group>"; };
		5C692C4D22ECD9D800E2AADC /* GoalCell.swift */ = {isa = PBXFileReference; lastKnownFileType = sourcecode.swift; path = GoalCell.swift; sourceTree = "<group>"; };
/* End PBXFileReference section */

/* Begin PBXFrameworksBuildPhase section */
		5C692C2E22ECC5C000E2AADC /* Frameworks */ = {
			isa = PBXFrameworksBuildPhase;
			buildActionMask = 2147483647;
			files = (
			);
			runOnlyForDeploymentPostprocessing = 0;
		};
/* End PBXFrameworksBuildPhase section */

/* Begin PBXGroup section */
		5C692C2822ECC5BF00E2AADC = {
			isa = PBXGroup;
			children = (
				5C692C3322ECC5C000E2AADC /* goalpost-app */,
				5C692C3222ECC5C000E2AADC /* Products */,
			);
			sourceTree = "<group>";
		};
		5C692C3222ECC5C000E2AADC /* Products */ = {
			isa = PBXGroup;
			children = (
				5C692C3122ECC5C000E2AADC /* goalpost-app.app */,
			);
			name = Products;
			sourceTree = "<group>";
		};
		5C692C3322ECC5C000E2AADC /* goalpost-app */ = {
			isa = PBXGroup;
			children = (
				5C692C4C22ECC9EC00E2AADC /* Extensions */,
				5C692C4B22ECC9E400E2AADC /* Enums */,
				5C692C4A22ECC9DE00E2AADC /* View */,
				5C692C4922ECC9D200E2AADC /* Controller */,
				5C692C3422ECC5C000E2AADC /* AppDelegate.swift */,
				5C692C3822ECC5C000E2AADC /* Main.storyboard */,
				5C692C3E22ECC5C400E2AADC /* Assets.xcassets */,
				5C692C4022ECC5C400E2AADC /* LaunchScreen.storyboard */,
				5C692C4322ECC5C400E2AADC /* Info.plist */,
				5C692C3B22ECC5C000E2AADC /* goalpost_app.xcdatamodeld */,
			);
			path = "goalpost-app";
			sourceTree = "<group>";
		};
		5C692C4922ECC9D200E2AADC /* Controller */ = {
			isa = PBXGroup;
			children = (
				5C692C3622ECC5C000E2AADC /* GoalsVC.swift */,
			);
			path = Controller;
			sourceTree = "<group>";
		};
		5C692C4A22ECC9DE00E2AADC /* View */ = {
			isa = PBXGroup;
			children = (
				5C692C4D22ECD9D800E2AADC /* GoalCell.swift */,
			);
			path = View;
			sourceTree = "<group>";
		};
		5C692C4B22ECC9E400E2AADC /* Enums */ = {
			isa = PBXGroup;
			children = (
				5C15ACF322EE3BC8006697DF /* GoalType.swift */,
			);
			path = Enums;
			sourceTree = "<group>";
		};
		5C692C4C22ECC9EC00E2AADC /* Extensions */ = {
			isa = PBXGroup;
			children = (
			);
			path = Extensions;
			sourceTree = "<group>";
		};
/* End PBXGroup section */

/* Begin PBXNativeTarget section */
		5C692C3022ECC5C000E2AADC /* goalpost-app */ = {
			isa = PBXNativeTarget;
			buildConfigurationList = 5C692C4622ECC5C400E2AADC /* Build configuration list for PBXNativeTarget "goalpost-app" */;
			buildPhases = (
				5C692C2D22ECC5C000E2AADC /* Sources */,
				5C692C2E22ECC5C000E2AADC /* Frameworks */,
				5C692C2F22ECC5C000E2AADC /* Resources */,
			);
			buildRules = (
			);
			dependencies = (
			);
			name = "goalpost-app";
			productName = "goalpost-app";
			productReference = 5C692C3122ECC5C000E2AADC /* goalpost-app.app */;
			productType = "com.apple.product-type.application";
		};
/* End PBXNativeTarget section */

/* Begin PBXProject section */
		5C692C2922ECC5BF00E2AADC /* Project object */ = {
			isa = PBXProject;
			attributes = {
				LastSwiftUpdateCheck = 1020;
				LastUpgradeCheck = 1020;
				ORGANIZATIONNAME = "Kyle Johannsen";
				TargetAttributes = {
					5C692C3022ECC5C000E2AADC = {
						CreatedOnToolsVersion = 10.2;
					};
				};
			};
			buildConfigurationList = 5C692C2C22ECC5C000E2AADC /* Build configuration list for PBXProject "goalpost-app" */;
			compatibilityVersion = "Xcode 9.3";
			developmentRegion = en;
			hasScannedForEncodings = 0;
			knownRegions = (
				en,
				Base,
			);
			mainGroup = 5C692C2822ECC5BF00E2AADC;
			productRefGroup = 5C692C3222ECC5C000E2AADC /* Products */;
			projectDirPath = "";
			projectRoot = "";
			targets = (
				5C692C3022ECC5C000E2AADC /* goalpost-app */,
			);
		};
/* End PBXProject section */

/* Begin PBXResourcesBuildPhase section */
		5C692C2F22ECC5C000E2AADC /* Resources */ = {
			isa = PBXResourcesBuildPhase;
			buildActionMask = 2147483647;
			files = (
				5C692C4222ECC5C400E2AADC /* LaunchScreen.storyboard in Resources */,
				5C692C3F22ECC5C400E2AADC /* Assets.xcassets in Resources */,
				5C692C3A22ECC5C000E2AADC /* Main.storyboard in Resources */,
			);
			runOnlyForDeploymentPostprocessing = 0;
		};
/* End PBXResourcesBuildPhase section */

/* Begin PBXSourcesBuildPhase section */
		5C692C2D22ECC5C000E2AADC /* Sources */ = {
			isa = PBXSourcesBuildPhase;
			buildActionMask = 2147483647;
			files = (
				5C692C4E22ECD9D800E2AADC /* GoalCell.swift in Sources */,
				5C15ACF422EE3BC8006697DF /* GoalType.swift in Sources */,
				5C692C3722ECC5C000E2AADC /* GoalsVC.swift in Sources */,
				5C692C3522ECC5C000E2AADC /* AppDelegate.swift in Sources */,
				5C692C3D22ECC5C000E2AADC /* goalpost_app.xcdatamodeld in Sources */,
			);
			runOnlyForDeploymentPostprocessing = 0;
		};
/* End PBXSourcesBuildPhase section */

/* Begin PBXVariantGroup section */
		5C692C3822ECC5C000E2AADC /* Main.storyboard */ = {
			isa = PBXVariantGroup;
			children = (
				5C692C3922ECC5C000E2AADC /* Base */,
			);
			name = Main.storyboard;
			sourceTree = "<group>";
		};
		5C692C4022ECC5C400E2AADC /* LaunchScreen.storyboard */ = {
			isa = PBXVariantGroup;
			children = (
				5C692C4122ECC5C400E2AADC /* Base */,
			);
			name = LaunchScreen.storyboard;
			sourceTree = "<group>";
		};
/* End PBXVariantGroup section */

/* Begin XCBuildConfiguration section */
		5C692C4422ECC5C400E2AADC /* Debug */ = {
			isa = XCBuildConfiguration;
			buildSettings = {
				ALWAYS_SEARCH_USER_PATHS = NO;
				CLANG_ANALYZER_NONNULL = YES;
				CLANG_ANALYZER_NUMBER_OBJECT_CONVERSION = YES_AGGRESSIVE;
				CLANG_CXX_LANGUAGE_STANDARD = "gnu++14";
				CLANG_CXX_LIBRARY = "libc++";
				CLANG_ENABLE_MODULES = YES;
				CLANG_ENABLE_OBJC_ARC = YES;
				CLANG_ENABLE_OBJC_WEAK = YES;
				CLANG_WARN_BLOCK_CAPTURE_AUTORELEASING = YES;
				CLANG_WARN_BOOL_CONVERSION = YES;
				CLANG_WARN_COMMA = YES;
				CLANG_WARN_CONSTANT_CONVERSION = YES;
				CLANG_WARN_DEPRECATED_OBJC_IMPLEMENTATIONS = YES;
				CLANG_WARN_DIRECT_OBJC_ISA_USAGE = YES_ERROR;
				CLANG_WARN_DOCUMENTATION_COMMENTS = YES;
				CLANG_WARN_EMPTY_BODY = YES;
				CLANG_WARN_ENUM_CONVERSION = YES;
				CLANG_WARN_INFINITE_RECURSION = YES;
				CLANG_WARN_INT_CONVERSION = YES;
				CLANG_WARN_NON_LITERAL_NULL_CONVERSION = YES;
				CLANG_WARN_OBJC_IMPLICIT_RETAIN_SELF = YES;
				CLANG_WARN_OBJC_LITERAL_CONVERSION = YES;
				CLANG_WARN_OBJC_ROOT_CLASS = YES_ERROR;
				CLANG_WARN_RANGE_LOOP_ANALYSIS = YES;
				CLANG_WARN_STRICT_PROTOTYPES = YES;
				CLANG_WARN_SUSPICIOUS_MOVE = YES;
				CLANG_WARN_UNGUARDED_AVAILABILITY = YES_AGGRESSIVE;
				CLANG_WARN_UNREACHABLE_CODE = YES;
				CLANG_WARN__DUPLICATE_METHOD_MATCH = YES;
				CODE_SIGN_IDENTITY = "iPhone Developer";
				COPY_PHASE_STRIP = NO;
				DEBUG_INFORMATION_FORMAT = dwarf;
				ENABLE_STRICT_OBJC_MSGSEND = YES;
				ENABLE_TESTABILITY = YES;
				GCC_C_LANGUAGE_STANDARD = gnu11;
				GCC_DYNAMIC_NO_PIC = NO;
				GCC_NO_COMMON_BLOCKS = YES;
				GCC_OPTIMIZATION_LEVEL = 0;
				GCC_PREPROCESSOR_DEFINITIONS = (
					"DEBUG=1",
					"$(inherited)",
				);
				GCC_WARN_64_TO_32_BIT_CONVERSION = YES;
				GCC_WARN_ABOUT_RETURN_TYPE = YES_ERROR;
				GCC_WARN_UNDECLARED_SELECTOR = YES;
				GCC_WARN_UNINITIALIZED_AUTOS = YES_AGGRESSIVE;
				GCC_WARN_UNUSED_FUNCTION = YES;
				GCC_WARN_UNUSED_VARIABLE = YES;
				IPHONEOS_DEPLOYMENT_TARGET = 12.2;
				MTL_ENABLE_DEBUG_INFO = INCLUDE_SOURCE;
				MTL_FAST_MATH = YES;
				ONLY_ACTIVE_ARCH = YES;
				SDKROOT = iphoneos;
				SWIFT_ACTIVE_COMPILATION_CONDITIONS = DEBUG;
				SWIFT_OPTIMIZATION_LEVEL = "-Onone";
			};
			name = Debug;
		};
		5C692C4522ECC5C400E2AADC /* Release */ = {
			isa = XCBuildConfiguration;
			buildSettings = {
				ALWAYS_SEARCH_USER_PATHS = NO;
				CLANG_ANALYZER_NONNULL = YES;
				CLANG_ANALYZER_NUMBER_OBJECT_CONVERSION = YES_AGGRESSIVE;
				CLANG_CXX_LANGUAGE_STANDARD = "gnu++14";
				CLANG_CXX_LIBRARY = "libc++";
				CLANG_ENABLE_MODULES = YES;
				CLANG_ENABLE_OBJC_ARC = YES;
				CLANG_ENABLE_OBJC_WEAK = YES;
				CLANG_WARN_BLOCK_CAPTURE_AUTORELEASING = YES;
				CLANG_WARN_BOOL_CONVERSION = YES;
				CLANG_WARN_COMMA = YES;
				CLANG_WARN_CONSTANT_CONVERSION = YES;
				CLANG_WARN_DEPRECATED_OBJC_IMPLEMENTATIONS = YES;
				CLANG_WARN_DIRECT_OBJC_ISA_USAGE = YES_ERROR;
				CLANG_WARN_DOCUMENTATION_COMMENTS = YES;
				CLANG_WARN_EMPTY_BODY = YES;
				CLANG_WARN_ENUM_CONVERSION = YES;
				CLANG_WARN_INFINITE_RECURSION = YES;
				CLANG_WARN_INT_CONVERSION = YES;
				CLANG_WARN_NON_LITERAL_NULL_CONVERSION = YES;
				CLANG_WARN_OBJC_IMPLICIT_RETAIN_SELF = YES;
				CLANG_WARN_OBJC_LITERAL_CONVERSION = YES;
				CLANG_WARN_OBJC_ROOT_CLASS = YES_ERROR;
				CLANG_WARN_RANGE_LOOP_ANALYSIS = YES;
				CLANG_WARN_STRICT_PROTOTYPES = YES;
				CLANG_WARN_SUSPICIOUS_MOVE = YES;
				CLANG_WARN_UNGUARDED_AVAILABILITY = YES_AGGRESSIVE;
				CLANG_WARN_UNREACHABLE_CODE = YES;
				CLANG_WARN__DUPLICATE_METHOD_MATCH = YES;
				CODE_SIGN_IDENTITY = "iPhone Developer";
				COPY_PHASE_STRIP = NO;
				DEBUG_INFORMATION_FORMAT = "dwarf-with-dsym";
				ENABLE_NS_ASSERTIONS = NO;
				ENABLE_STRICT_OBJC_MSGSEND = YES;
				GCC_C_LANGUAGE_STANDARD = gnu11;
				GCC_NO_COMMON_BLOCKS = YES;
				GCC_WARN_64_TO_32_BIT_CONVERSION = YES;
				GCC_WARN_ABOUT_RETURN_TYPE = YES_ERROR;
				GCC_WARN_UNDECLARED_SELECTOR = YES;
				GCC_WARN_UNINITIALIZED_AUTOS = YES_AGGRESSIVE;
				GCC_WARN_UNUSED_FUNCTION = YES;
				GCC_WARN_UNUSED_VARIABLE = YES;
				IPHONEOS_DEPLOYMENT_TARGET = 12.2;
				MTL_ENABLE_DEBUG_INFO = NO;
				MTL_FAST_MATH = YES;
				SDKROOT = iphoneos;
				SWIFT_COMPILATION_MODE = wholemodule;
				SWIFT_OPTIMIZATION_LEVEL = "-O";
				VALIDATE_PRODUCT = YES;
			};
			name = Release;
		};
		5C692C4722ECC5C400E2AADC /* Debug */ = {
			isa = XCBuildConfiguration;
			buildSettings = {
				ASSETCATALOG_COMPILER_APPICON_NAME = AppIcon;
				CODE_SIGN_STYLE = Automatic;
				DEVELOPMENT_TEAM = 2775SNHHFJ;
				INFOPLIST_FILE = "goalpost-app/Info.plist";
				LD_RUNPATH_SEARCH_PATHS = (
					"$(inherited)",
					"@executable_path/Frameworks",
				);
				PRODUCT_BUNDLE_IDENTIFIER = "com.KyleJohannsen.goalpost-app";
				PRODUCT_NAME = "$(TARGET_NAME)";
				SWIFT_VERSION = 5.0;
				TARGETED_DEVICE_FAMILY = "1,2";
			};
			name = Debug;
		};
		5C692C4822ECC5C400E2AADC /* Release */ = {
			isa = XCBuildConfiguration;
			buildSettings = {
				ASSETCATALOG_COMPILER_APPICON_NAME = AppIcon;
				CODE_SIGN_STYLE = Automatic;
				DEVELOPMENT_TEAM = 2775SNHHFJ;
				INFOPLIST_FILE = "goalpost-app/Info.plist";
				LD_RUNPATH_SEARCH_PATHS = (
					"$(inherited)",
					"@executable_path/Frameworks",
				);
				PRODUCT_BUNDLE_IDENTIFIER = "com.KyleJohannsen.goalpost-app";
				PRODUCT_NAME = "$(TARGET_NAME)";
				SWIFT_VERSION = 5.0;
				TARGETED_DEVICE_FAMILY = "1,2";
			};
			name = Release;
		};
/* End XCBuildConfiguration section */

/* Begin XCConfigurationList section */
		5C692C2C22ECC5C000E2AADC /* Build configuration list for PBXProject "goalpost-app" */ = {
			isa = XCConfigurationList;
			buildConfigurations = (
				5C692C4422ECC5C400E2AADC /* Debug */,
				5C692C4522ECC5C400E2AADC /* Release */,
			);
			defaultConfigurationIsVisible = 0;
			defaultConfigurationName = Release;
		};
		5C692C4622ECC5C400E2AADC /* Build configuration list for PBXNativeTarget "goalpost-app" */ = {
			isa = XCConfigurationList;
			buildConfigurations = (
				5C692C4722ECC5C400E2AADC /* Debug */,
				5C692C4822ECC5C400E2AADC /* Release */,
			);
			defaultConfigurationIsVisible = 0;
			defaultConfigurationName = Release;
		};
/* End XCConfigurationList section */

/* Begin XCVersionGroup section */
		5C692C3B22ECC5C000E2AADC /* goalpost_app.xcdatamodeld */ = {
			isa = XCVersionGroup;
			children = (
				5C692C3C22ECC5C000E2AADC /* goalpost_app.xcdatamodel */,
			);
			currentVersion = 5C692C3C22ECC5C000E2AADC /* goalpost_app.xcdatamodel */;
			path = goalpost_app.xcdatamodeld;
			sourceTree = "<group>";
			versionGroupType = wrapper.xcdatamodel;
		};
/* End XCVersionGroup section */
	};
	rootObject = 5C692C2922ECC5BF00E2AADC /* Project object */;
}
